
Microsoft Visual Studio Solution File, Format Version 12.00
# Visual Studio Version 16
VisualStudioVersion = 16.0.32901.82
MinimumVisualStudioVersion = 10.0.40219.1
Project("{FAE04EC0-301F-11D3-BF4B-00C04F79EFBC}") = "Ejercicio58", "Ejercicio58.csproj", "{ABAB3677-C9B8-4CA6-82F5-2976ADD794F9}"
EndProject
Global
	GlobalSection(SolutionConfigurationPlatforms) = preSolution
		Debug|Any CPU = Debug|Any CPU
		Release|Any CPU = Release|Any CPU
	EndGlobalSection
	GlobalSection(ProjectConfigurationPlatforms) = postSolution
		{ABAB3677-C9B8-4CA6-82F5-2976ADD794F9}.Debug|Any CPU.ActiveCfg = Debug|Any CPU
		{ABAB3677-C9B8-4CA6-82F5-2976ADD794F9}.Debug|Any CPU.Build.0 = Debug|Any CPU
		{ABAB3677-C9B8-4CA6-82F5-2976ADD794F9}.Release|Any CPU.ActiveCfg = Release|Any CPU
		{ABAB3677-C9B8-4CA6-82F5-2976ADD794F9}.Release|Any CPU.Build.0 = Release|Any CPU
	EndGlobalSection
	GlobalSection(SolutionProperties) = preSolution
		HideSolutionNode = FALSE
	EndGlobalSection
	GlobalSection(ExtensibilityGlobals) = postSolution
		SolutionGuid = {59F73BD7-0E10-4013-9C6B-24723DC713D9}
	EndGlobalSection
EndGlobal
