
Microsoft Visual Studio Solution File, Format Version 12.00
# Visual Studio Version 16
VisualStudioVersion = 16.0.32901.82
MinimumVisualStudioVersion = 10.0.40219.1
Project("{FAE04EC0-301F-11D3-BF4B-00C04F79EFBC}") = "Ejercicio55", "Ejercicio55.csproj", "{265F68D5-1CB8-494B-B4A7-96D2D271068E}"
EndProject
Global
	GlobalSection(SolutionConfigurationPlatforms) = preSolution
		Debug|Any CPU = Debug|Any CPU
		Release|Any CPU = Release|Any CPU
	EndGlobalSection
	GlobalSection(ProjectConfigurationPlatforms) = postSolution
		{265F68D5-1CB8-494B-B4A7-96D2D271068E}.Debug|Any CPU.ActiveCfg = Debug|Any CPU
		{265F68D5-1CB8-494B-B4A7-96D2D271068E}.Debug|Any CPU.Build.0 = Debug|Any CPU
		{265F68D5-1CB8-494B-B4A7-96D2D271068E}.Release|Any CPU.ActiveCfg = Release|Any CPU
		{265F68D5-1CB8-494B-B4A7-96D2D271068E}.Release|Any CPU.Build.0 = Release|Any CPU
	EndGlobalSection
	GlobalSection(SolutionProperties) = preSolution
		HideSolutionNode = FALSE
	EndGlobalSection
	GlobalSection(ExtensibilityGlobals) = postSolution
		SolutionGuid = {D2546EF3-0373-4BF7-9205-D17EAA250B8A}
	EndGlobalSection
EndGlobal
